
Microsoft Visual Studio Solution File, Format Version 12.00
# Visual Studio Version 17
VisualStudioVersion = 17.1.32414.318
MinimumVisualStudioVersion = 10.0.40219.1
Project("{8BC9CEB8-8B4A-11D0-8D11-00A0C91BC942}") = "Inheritance", "Inheritance\Inheritance.vcxproj", "{94F3D42A-6D01-47DF-A06F-18866C0C3DF6}"
EndProject
Project("{8BC9CEB8-8B4A-11D0-8D11-00A0C91BC942}") = "Files", "Files\Files.vcxproj", "{B99361C7-6F4C-4494-8E6B-0B59CCC24B04}"
EndProject
Project("{8BC9CEB8-8B4A-11D0-8D11-00A0C91BC942}") = "Homework 17.12.22", "Homework 17.12.22\Homework 17.12.22.vcxproj", "{02C77F96-AD06-455D-A0B9-5F0D5853723D}"
EndProject
Project("{8BC9CEB8-8B4A-11D0-8D11-00A0C91BC942}") = "Files Homework 17.12.22 part 2", "Files Homework 17.12.22 part 2\Files Homework 17.12.22 part 2.vcxproj", "{EAAEA69B-CB24-4036-B49E-4B36EBC1C9E4}"
EndProject
Global
	GlobalSection(SolutionConfigurationPlatforms) = preSolution
		Debug|x64 = Debug|x64
		Debug|x86 = Debug|x86
		Release|x64 = Release|x64
		Release|x86 = Release|x86
	EndGlobalSection
	GlobalSection(ProjectConfigurationPlatforms) = postSolution
		{94F3D42A-6D01-47DF-A06F-18866C0C3DF6}.Debug|x64.ActiveCfg = Debug|x64
		{94F3D42A-6D01-47DF-A06F-18866C0C3DF6}.Debug|x64.Build.0 = Debug|x64
		{94F3D42A-6D01-47DF-A06F-18866C0C3DF6}.Debug|x86.ActiveCfg = Debug|Win32
		{94F3D42A-6D01-47DF-A06F-18866C0C3DF6}.Debug|x86.Build.0 = Debug|Win32
		{94F3D42A-6D01-47DF-A06F-18866C0C3DF6}.Release|x64.ActiveCfg = Release|x64
		{94F3D42A-6D01-47DF-A06F-18866C0C3DF6}.Release|x64.Build.0 = Release|x64
		{94F3D42A-6D01-47DF-A06F-18866C0C3DF6}.Release|x86.ActiveCfg = Release|Win32
		{94F3D42A-6D01-47DF-A06F-18866C0C3DF6}.Release|x86.Build.0 = Release|Win32
		{B99361C7-6F4C-4494-8E6B-0B59CCC24B04}.Debug|x64.ActiveCfg = Debug|x64
		{B99361C7-6F4C-4494-8E6B-0B59CCC24B04}.Debug|x64.Build.0 = Debug|x64
		{B99361C7-6F4C-4494-8E6B-0B59CCC24B04}.Debug|x86.ActiveCfg = Debug|Win32
		{B99361C7-6F4C-4494-8E6B-0B59CCC24B04}.Debug|x86.Build.0 = Debug|Win32
		{B99361C7-6F4C-4494-8E6B-0B59CCC24B04}.Release|x64.ActiveCfg = Release|x64
		{B99361C7-6F4C-4494-8E6B-0B59CCC24B04}.Release|x64.Build.0 = Release|x64
		{B99361C7-6F4C-4494-8E6B-0B59CCC24B04}.Release|x86.ActiveCfg = Release|Win32
		{B99361C7-6F4C-4494-8E6B-0B59CCC24B04}.Release|x86.Build.0 = Release|Win32
		{02C77F96-AD06-455D-A0B9-5F0D5853723D}.Debug|x64.ActiveCfg = Debug|x64
		{02C77F96-AD06-455D-A0B9-5F0D5853723D}.Debug|x64.Build.0 = Debug|x64
		{02C77F96-AD06-455D-A0B9-5F0D5853723D}.Debug|x86.ActiveCfg = Debug|Win32
		{02C77F96-AD06-455D-A0B9-5F0D5853723D}.Debug|x86.Build.0 = Debug|Win32
		{02C77F96-AD06-455D-A0B9-5F0D5853723D}.Release|x64.ActiveCfg = Release|x64
		{02C77F96-AD06-455D-A0B9-5F0D5853723D}.Release|x64.Build.0 = Release|x64
		{02C77F96-AD06-455D-A0B9-5F0D5853723D}.Release|x86.ActiveCfg = Release|Win32
		{02C77F96-AD06-455D-A0B9-5F0D5853723D}.Release|x86.Build.0 = Release|Win32
		{EAAEA69B-CB24-4036-B49E-4B36EBC1C9E4}.Debug|x64.ActiveCfg = Debug|x64
		{EAAEA69B-CB24-4036-B49E-4B36EBC1C9E4}.Debug|x64.Build.0 = Debug|x64
		{EAAEA69B-CB24-4036-B49E-4B36EBC1C9E4}.Debug|x86.ActiveCfg = Debug|Win32
		{EAAEA69B-CB24-4036-B49E-4B36EBC1C9E4}.Debug|x86.Build.0 = Debug|Win32
		{EAAEA69B-CB24-4036-B49E-4B36EBC1C9E4}.Release|x64.ActiveCfg = Release|x64
		{EAAEA69B-CB24-4036-B49E-4B36EBC1C9E4}.Release|x64.Build.0 = Release|x64
		{EAAEA69B-CB24-4036-B49E-4B36EBC1C9E4}.Release|x86.ActiveCfg = Release|Win32
		{EAAEA69B-CB24-4036-B49E-4B36EBC1C9E4}.Release|x86.Build.0 = Release|Win32
	EndGlobalSection
	GlobalSection(SolutionProperties) = preSolution
		HideSolutionNode = FALSE
	EndGlobalSection
	GlobalSection(ExtensibilityGlobals) = postSolution
		SolutionGuid = {3C1EC3A0-9656-4BF1-853C-2EBD39318C70}
	EndGlobalSection
EndGlobal
